
Microsoft Visual Studio Solution File, Format Version 12.00
# Visual Studio Version 17
VisualStudioVersion = 17.0.32112.339
MinimumVisualStudioVersion = 10.0.40219.1
Project("{9A19103F-16F7-4668-BE54-9A1E7A4F7556}") = "primer-parcial-solid-transporte", "primer-parcial-solid-transporte\primer-parcial-solid-transporte.csproj", "{94DCADDE-B934-4258-A35B-614EB01EC477}"
EndProject
Project("{FAE04EC0-301F-11D3-BF4B-00C04F79EFBC}") = "AplicandoSOLID", "AplicandoSOLID\AplicandoSOLID.csproj", "{639007C4-E1C1-4C18-AC35-36C1F3DC0A2E}"
EndProject
Global
	GlobalSection(SolutionConfigurationPlatforms) = preSolution
		Debug|Any CPU = Debug|Any CPU
		Release|Any CPU = Release|Any CPU
	EndGlobalSection
	GlobalSection(ProjectConfigurationPlatforms) = postSolution
		{94DCADDE-B934-4258-A35B-614EB01EC477}.Debug|Any CPU.ActiveCfg = Debug|Any CPU
		{94DCADDE-B934-4258-A35B-614EB01EC477}.Debug|Any CPU.Build.0 = Debug|Any CPU
		{94DCADDE-B934-4258-A35B-614EB01EC477}.Release|Any CPU.ActiveCfg = Release|Any CPU
		{94DCADDE-B934-4258-A35B-614EB01EC477}.Release|Any CPU.Build.0 = Release|Any CPU
		{639007C4-E1C1-4C18-AC35-36C1F3DC0A2E}.Debug|Any CPU.ActiveCfg = Debug|Any CPU
		{639007C4-E1C1-4C18-AC35-36C1F3DC0A2E}.Debug|Any CPU.Build.0 = Debug|Any CPU
		{639007C4-E1C1-4C18-AC35-36C1F3DC0A2E}.Release|Any CPU.ActiveCfg = Release|Any CPU
		{639007C4-E1C1-4C18-AC35-36C1F3DC0A2E}.Release|Any CPU.Build.0 = Release|Any CPU
	EndGlobalSection
	GlobalSection(SolutionProperties) = preSolution
		HideSolutionNode = FALSE
	EndGlobalSection
	GlobalSection(ExtensibilityGlobals) = postSolution
		SolutionGuid = {96ED9AAE-490A-4747-81E1-47F2A5C71924}
	EndGlobalSection
EndGlobal
